
Microsoft Visual Studio Solution File, Format Version 12.00
# Visual Studio Version 17
VisualStudioVersion = 17.6.33801.468
MinimumVisualStudioVersion = 10.0.40219.1
Project("{FAE04EC0-301F-11D3-BF4B-00C04F79EFBC}") = "IntroductionToDOTNET", "IntroductionToDOTNET\IntroductionToDOTNET.csproj", "{E5E752A8-D4C7-41E6-8F4B-8860E661EECF}"
EndProject
Project("{FAE04EC0-301F-11D3-BF4B-00C04F79EFBC}") = "DataTypes", "DataTypes\DataTypes.csproj", "{902DC805-4251-4EA8-9EE4-4C64B502B312}"
EndProject
Project("{FAE04EC0-301F-11D3-BF4B-00C04F79EFBC}") = "Calc", "Calc\Calc.csproj", "{2854C337-6B6F-42C8-B219-59E6DAB16619}"
EndProject
Project("{FAE04EC0-301F-11D3-BF4B-00C04F79EFBC}") = "Game", "Game\Game.csproj", "{08AF3963-BC55-4FE7-867D-BABBD66F83B1}"
EndProject
Project("{FAE04EC0-301F-11D3-BF4B-00C04F79EFBC}") = "Calc2", "Calc2\Calc2.csproj", "{C71501BE-A734-4465-A02B-4214875C49EF}"
EndProject
Project("{FAE04EC0-301F-11D3-BF4B-00C04F79EFBC}") = "Recursion", "Recursion\Recursion.csproj", "{8A92021C-E3E7-46C7-95CE-6407493B53E9}"
EndProject
Project("{FAE04EC0-301F-11D3-BF4B-00C04F79EFBC}") = "krestiki-noliki", "krestiki-noliki\krestiki-noliki.csproj", "{B37BA491-942C-40C2-AFE0-34DA9BBDB664}"
EndProject
Project("{FAE04EC0-301F-11D3-BF4B-00C04F79EFBC}") = "Arrays", "Arrays\Arrays.csproj", "{BB08D3C3-E221-47C6-BC97-08535226476C}"
EndProject
Project("{FAE04EC0-301F-11D3-BF4B-00C04F79EFBC}") = "methods", "methods\methods.csproj", "{20634223-226E-4925-B9F9-61B7E7BE5268}"
EndProject
Project("{FAE04EC0-301F-11D3-BF4B-00C04F79EFBC}") = "AbstractGeometry1", "AbstractGeometry1\AbstractGeometry1.csproj", "{9C220850-F09A-4825-A317-89646CD74962}"
EndProject
Project("{FAE04EC0-301F-11D3-BF4B-00C04F79EFBC}") = "Encapsulation", "Encapsulation\Encapsulation.csproj", "{E7229894-5817-4F60-AA9D-EFF9DDC1E27A}"
EndProject
Project("{FAE04EC0-301F-11D3-BF4B-00C04F79EFBC}") = "DataContainers", "DataContainers\DataContainers.csproj", "{94900CA8-7E08-424C-8C87-49C8D256AEA8}"
EndProject
Project("{FAE04EC0-301F-11D3-BF4B-00C04F79EFBC}") = "queue", "queue\queue.csproj", "{9A69B441-6147-4B60-B772-46BA3BFEB21A}"
EndProject
Global
	GlobalSection(SolutionConfigurationPlatforms) = preSolution
		Debug|Any CPU = Debug|Any CPU
		Release|Any CPU = Release|Any CPU
	EndGlobalSection
	GlobalSection(ProjectConfigurationPlatforms) = postSolution
		{E5E752A8-D4C7-41E6-8F4B-8860E661EECF}.Debug|Any CPU.ActiveCfg = Debug|Any CPU
		{E5E752A8-D4C7-41E6-8F4B-8860E661EECF}.Debug|Any CPU.Build.0 = Debug|Any CPU
		{E5E752A8-D4C7-41E6-8F4B-8860E661EECF}.Release|Any CPU.ActiveCfg = Release|Any CPU
		{E5E752A8-D4C7-41E6-8F4B-8860E661EECF}.Release|Any CPU.Build.0 = Release|Any CPU
		{902DC805-4251-4EA8-9EE4-4C64B502B312}.Debug|Any CPU.ActiveCfg = Debug|Any CPU
		{902DC805-4251-4EA8-9EE4-4C64B502B312}.Debug|Any CPU.Build.0 = Debug|Any CPU
		{902DC805-4251-4EA8-9EE4-4C64B502B312}.Release|Any CPU.ActiveCfg = Release|Any CPU
		{902DC805-4251-4EA8-9EE4-4C64B502B312}.Release|Any CPU.Build.0 = Release|Any CPU
		{2854C337-6B6F-42C8-B219-59E6DAB16619}.Debug|Any CPU.ActiveCfg = Debug|Any CPU
		{2854C337-6B6F-42C8-B219-59E6DAB16619}.Debug|Any CPU.Build.0 = Debug|Any CPU
		{2854C337-6B6F-42C8-B219-59E6DAB16619}.Release|Any CPU.ActiveCfg = Release|Any CPU
		{2854C337-6B6F-42C8-B219-59E6DAB16619}.Release|Any CPU.Build.0 = Release|Any CPU
		{08AF3963-BC55-4FE7-867D-BABBD66F83B1}.Debug|Any CPU.ActiveCfg = Debug|Any CPU
		{08AF3963-BC55-4FE7-867D-BABBD66F83B1}.Debug|Any CPU.Build.0 = Debug|Any CPU
		{08AF3963-BC55-4FE7-867D-BABBD66F83B1}.Release|Any CPU.ActiveCfg = Release|Any CPU
		{08AF3963-BC55-4FE7-867D-BABBD66F83B1}.Release|Any CPU.Build.0 = Release|Any CPU
		{C71501BE-A734-4465-A02B-4214875C49EF}.Debug|Any CPU.ActiveCfg = Debug|Any CPU
		{C71501BE-A734-4465-A02B-4214875C49EF}.Debug|Any CPU.Build.0 = Debug|Any CPU
		{C71501BE-A734-4465-A02B-4214875C49EF}.Release|Any CPU.ActiveCfg = Release|Any CPU
		{C71501BE-A734-4465-A02B-4214875C49EF}.Release|Any CPU.Build.0 = Release|Any CPU
		{8A92021C-E3E7-46C7-95CE-6407493B53E9}.Debug|Any CPU.ActiveCfg = Debug|Any CPU
		{8A92021C-E3E7-46C7-95CE-6407493B53E9}.Debug|Any CPU.Build.0 = Debug|Any CPU
		{8A92021C-E3E7-46C7-95CE-6407493B53E9}.Release|Any CPU.ActiveCfg = Release|Any CPU
		{8A92021C-E3E7-46C7-95CE-6407493B53E9}.Release|Any CPU.Build.0 = Release|Any CPU
		{B37BA491-942C-40C2-AFE0-34DA9BBDB664}.Debug|Any CPU.ActiveCfg = Debug|Any CPU
		{B37BA491-942C-40C2-AFE0-34DA9BBDB664}.Debug|Any CPU.Build.0 = Debug|Any CPU
		{B37BA491-942C-40C2-AFE0-34DA9BBDB664}.Release|Any CPU.ActiveCfg = Release|Any CPU
		{B37BA491-942C-40C2-AFE0-34DA9BBDB664}.Release|Any CPU.Build.0 = Release|Any CPU
		{BB08D3C3-E221-47C6-BC97-08535226476C}.Debug|Any CPU.ActiveCfg = Debug|Any CPU
		{BB08D3C3-E221-47C6-BC97-08535226476C}.Debug|Any CPU.Build.0 = Debug|Any CPU
		{BB08D3C3-E221-47C6-BC97-08535226476C}.Release|Any CPU.ActiveCfg = Release|Any CPU
		{BB08D3C3-E221-47C6-BC97-08535226476C}.Release|Any CPU.Build.0 = Release|Any CPU
		{20634223-226E-4925-B9F9-61B7E7BE5268}.Debug|Any CPU.ActiveCfg = Debug|Any CPU
		{20634223-226E-4925-B9F9-61B7E7BE5268}.Debug|Any CPU.Build.0 = Debug|Any CPU
		{20634223-226E-4925-B9F9-61B7E7BE5268}.Release|Any CPU.ActiveCfg = Release|Any CPU
		{20634223-226E-4925-B9F9-61B7E7BE5268}.Release|Any CPU.Build.0 = Release|Any CPU
		{9C220850-F09A-4825-A317-89646CD74962}.Debug|Any CPU.ActiveCfg = Debug|Any CPU
		{9C220850-F09A-4825-A317-89646CD74962}.Debug|Any CPU.Build.0 = Debug|Any CPU
		{9C220850-F09A-4825-A317-89646CD74962}.Release|Any CPU.ActiveCfg = Release|Any CPU
		{9C220850-F09A-4825-A317-89646CD74962}.Release|Any CPU.Build.0 = Release|Any CPU
		{E7229894-5817-4F60-AA9D-EFF9DDC1E27A}.Debug|Any CPU.ActiveCfg = Debug|Any CPU
		{E7229894-5817-4F60-AA9D-EFF9DDC1E27A}.Debug|Any CPU.Build.0 = Debug|Any CPU
		{E7229894-5817-4F60-AA9D-EFF9DDC1E27A}.Release|Any CPU.ActiveCfg = Release|Any CPU
		{E7229894-5817-4F60-AA9D-EFF9DDC1E27A}.Release|Any CPU.Build.0 = Release|Any CPU
		{94900CA8-7E08-424C-8C87-49C8D256AEA8}.Debug|Any CPU.ActiveCfg = Debug|Any CPU
		{94900CA8-7E08-424C-8C87-49C8D256AEA8}.Debug|Any CPU.Build.0 = Debug|Any CPU
		{94900CA8-7E08-424C-8C87-49C8D256AEA8}.Release|Any CPU.ActiveCfg = Release|Any CPU
		{94900CA8-7E08-424C-8C87-49C8D256AEA8}.Release|Any CPU.Build.0 = Release|Any CPU
		{9A69B441-6147-4B60-B772-46BA3BFEB21A}.Debug|Any CPU.ActiveCfg = Debug|Any CPU
		{9A69B441-6147-4B60-B772-46BA3BFEB21A}.Debug|Any CPU.Build.0 = Debug|Any CPU
		{9A69B441-6147-4B60-B772-46BA3BFEB21A}.Release|Any CPU.ActiveCfg = Release|Any CPU
		{9A69B441-6147-4B60-B772-46BA3BFEB21A}.Release|Any CPU.Build.0 = Release|Any CPU
	EndGlobalSection
	GlobalSection(SolutionProperties) = preSolution
		HideSolutionNode = FALSE
	EndGlobalSection
	GlobalSection(ExtensibilityGlobals) = postSolution
		SolutionGuid = {EE9DE019-82BC-41D9-84A1-F30F40264291}
	EndGlobalSection
EndGlobal
